// !$*UTF8*$!
{
	archiveVersion = 1;
	classes = {
	};
	objectVersion = 46;
	objects = {

/* Begin PBXBuildFile section */
		230950D228A64BC800F6FF3C /* VVGL.framework in Frameworks */ = {isa = PBXBuildFile; fileRef = 230950B328A64A9000F6FF3C /* VVGL.framework */; };
		230950D528A64BE800F6FF3C /* VVGL.framework in CopyFiles */ = {isa = PBXBuildFile; fileRef = 230950B328A64A9000F6FF3C /* VVGL.framework */; settings = {ATTRIBUTES = (CodeSignOnCopy, RemoveHeadersOnCopy, ); }; };
		233B1F1B28A46D35000652AC /* OpenGL.framework in Frameworks */ = {isa = PBXBuildFile; fileRef = 233B1F1A28A46D35000652AC /* OpenGL.framework */; };
		233B1F3728A476D2000652AC /* GlobalContext.cpp in Sources */ = {isa = PBXBuildFile; fileRef = 233B1F2328A476D2000652AC /* GlobalContext.cpp */; };
		233B1F3828A476D2000652AC /* Common.cpp in Sources */ = {isa = PBXBuildFile; fileRef = 233B1F2428A476D2000652AC /* Common.cpp */; };
		233B1F3928A476D2000652AC /* Fbo.cpp in Sources */ = {isa = PBXBuildFile; fileRef = 233B1F2528A476D2000652AC /* Fbo.cpp */; };
		233B1F3A28A476D2000652AC /* QuadVao.cpp in Sources */ = {isa = PBXBuildFile; fileRef = 233B1F2728A476D2000652AC /* QuadVao.cpp */; };
		233B1F3B28A476D2000652AC /* Texture.cpp in Sources */ = {isa = PBXBuildFile; fileRef = 233B1F2928A476D2000652AC /* Texture.cpp */; };
		2382660128A48EDF001F523D /* shaders in Resources */ = {isa = PBXBuildFile; fileRef = 2382660028A48EDF001F523D /* shaders */; };
		2382660328A49081001F523D /* Cocoa.framework in Frameworks */ = {isa = PBXBuildFile; fileRef = 2382660228A49081001F523D /* Cocoa.framework */; };
		2382660528A490ED001F523D /* Smart_Utils.cpp in Sources */ = {isa = PBXBuildFile; fileRef = 2382660428A490ED001F523D /* Smart_Utils.cpp */; };
		2382660728A490F5001F523D /* AEFX_SuiteHelper.c in Sources */ = {isa = PBXBuildFile; fileRef = 2382660628A490F5001F523D /* AEFX_SuiteHelper.c */; };
		2382660928A49101001F523D /* MissingSuiteError.cpp in Sources */ = {isa = PBXBuildFile; fileRef = 2382660828A49101001F523D /* MissingSuiteError.cpp */; };
		2382660C28A4AE17001F523D /* GLSLCanvasArbHandler.cpp in Sources */ = {isa = PBXBuildFile; fileRef = 2382660B28A4AE17001F523D /* GLSLCanvasArbHandler.cpp */; };
		2382660E28A4CED0001F523D /* AEUtil.cpp in Sources */ = {isa = PBXBuildFile; fileRef = 2382660D28A4CED0001F523D /* AEUtil.cpp */; };
		924FC6401F0E13A60075C62A /* SystemUtil.cpp in Sources */ = {isa = PBXBuildFile; fileRef = 924FC63F1F0E13A50075C62A /* SystemUtil.cpp */; };
		D0FE57600993C4E900139A60 /* GLSLCanvas.cpp in Sources */ = {isa = PBXBuildFile; fileRef = D0FE575C0993C4E900139A60 /* GLSLCanvas.cpp */; };
		D0FE57610993C4E900139A60 /* GLSLCanvasPiPL.r in Rez */ = {isa = PBXBuildFile; fileRef = D0FE575E0993C4E900139A60 /* GLSLCanvasPiPL.r */; };
		D0FE579D0993C5E500139A60 /* AEGP_SuiteHandler.cpp in Sources */ = {isa = PBXBuildFile; fileRef = D0FE579A0993C5E500139A60 /* AEGP_SuiteHandler.cpp */; };
		D0FE579E0993C5E500139A60 /* MissingSuiteError.cpp in Sources */ = {isa = PBXBuildFile; fileRef = D0FE579C0993C5E500139A60 /* MissingSuiteError.cpp */; };
/* End PBXBuildFile section */

/* Begin PBXContainerItemProxy section */
		230950AC28A64A9000F6FF3C /* PBXContainerItemProxy */ = {
			isa = PBXContainerItemProxy;
			containerPortal = 2309509328A64A9000F6FF3C /* ISFSandbox.xcodeproj */;
			proxyType = 2;
			remoteGlobalIDString = 1AE177701E2581BB00E978E5;
			remoteInfo = VVGL_iOS;
		};
		230950AE28A64A9000F6FF3C /* PBXContainerItemProxy */ = {
			isa = PBXContainerItemProxy;
			containerPortal = 2309509328A64A9000F6FF3C /* ISFSandbox.xcodeproj */;
			proxyType = 2;
			remoteGlobalIDString = 1AE177631E2581B500E978E5;
			remoteInfo = VVISF_iOS;
		};
		230950B028A64A9000F6FF3C /* PBXContainerItemProxy */ = {
			isa = PBXContainerItemProxy;
			containerPortal = 2309509328A64A9000F6FF3C /* ISFSandbox.xcodeproj */;
			proxyType = 2;
			remoteGlobalIDString = 1A4EEA4F1F17B75B00B6C3F4;
			remoteInfo = ISFonIOS;
		};
		230950B228A64A9000F6FF3C /* PBXContainerItemProxy */ = {
			isa = PBXContainerItemProxy;
			containerPortal = 2309509328A64A9000F6FF3C /* ISFSandbox.xcodeproj */;
			proxyType = 2;
			remoteGlobalIDString = 1A10DDFB2090AD4A00771795;
			remoteInfo = VVGL_Mac;
		};
		230950B428A64A9000F6FF3C /* PBXContainerItemProxy */ = {
			isa = PBXContainerItemProxy;
			containerPortal = 2309509328A64A9000F6FF3C /* ISFSandbox.xcodeproj */;
			proxyType = 2;
			remoteGlobalIDString = 1A901A051F4648C0009FEE74;
			remoteInfo = BasicGLFunc;
		};
		230950B628A64A9000F6FF3C /* PBXContainerItemProxy */ = {
			isa = PBXContainerItemProxy;
			containerPortal = 2309509328A64A9000F6FF3C /* ISFSandbox.xcodeproj */;
			proxyType = 2;
			remoteGlobalIDString = 1A7CA9681F4742C70051F3D6;
			remoteInfo = DifferingGLVersions;
		};
		230950B828A64A9000F6FF3C /* PBXContainerItemProxy */ = {
			isa = PBXContainerItemProxy;
			containerPortal = 2309509328A64A9000F6FF3C /* ISFSandbox.xcodeproj */;
			proxyType = 2;
			remoteGlobalIDString = 1AD86D021F4EFB4300DEED3E;
			remoteInfo = GeoShaderTest;
		};
		230950BA28A64A9000F6FF3C /* PBXContainerItemProxy */ = {
			isa = PBXContainerItemProxy;
			containerPortal = 2309509328A64A9000F6FF3C /* ISFSandbox.xcodeproj */;
			proxyType = 2;
			remoteGlobalIDString = 1A569886200F821500437867;
			remoteInfo = TransFeedbackTest;
		};
		230950BC28A64A9000F6FF3C /* PBXContainerItemProxy */ = {
			isa = PBXContainerItemProxy;
			containerPortal = 2309509328A64A9000F6FF3C /* ISFSandbox.xcodeproj */;
			proxyType = 2;
			remoteGlobalIDString = 1A5698C7201012C100437867;
			remoteInfo = JustTransFeedback;
		};
		230950BE28A64A9000F6FF3C /* PBXContainerItemProxy */ = {
			isa = PBXContainerItemProxy;
			containerPortal = 2309509328A64A9000F6FF3C /* ISFSandbox.xcodeproj */;
			proxyType = 2;
			remoteGlobalIDString = 1A32CBCE20C87E73002EDFB9;
			remoteInfo = TexDownloadUpload;
		};
		230950C028A64A9000F6FF3C /* PBXContainerItemProxy */ = {
			isa = PBXContainerItemProxy;
			containerPortal = 2309509328A64A9000F6FF3C /* ISFSandbox.xcodeproj */;
			proxyType = 2;
			remoteGlobalIDString = 1A365CC12090B35C00771520;
			remoteInfo = VVISF_Mac;
		};
		230950C228A64A9000F6FF3C /* PBXContainerItemProxy */ = {
			isa = PBXContainerItemProxy;
			containerPortal = 2309509328A64A9000F6FF3C /* ISFSandbox.xcodeproj */;
			proxyType = 2;
			remoteGlobalIDString = 1A6ED6101F47A40A00227712;
			remoteInfo = ISFFuncTest;
		};
		230950C428A64A9000F6FF3C /* PBXContainerItemProxy */ = {
			isa = PBXContainerItemProxy;
			containerPortal = 2309509328A64A9000F6FF3C /* ISFSandbox.xcodeproj */;
			proxyType = 2;
			remoteGlobalIDString = 1A023C8F1F2011AD004FFB3A;
			remoteInfo = "ISF Editor";
		};
		230950C628A64A9000F6FF3C /* PBXContainerItemProxy */ = {
			isa = PBXContainerItemProxy;
			containerPortal = 2309509328A64A9000F6FF3C /* ISFSandbox.xcodeproj */;
			proxyType = 2;
			remoteGlobalIDString = 1A365CFE2090B97800771520;
			remoteInfo = VVGL_GLFW;
		};
		230950C828A64A9000F6FF3C /* PBXContainerItemProxy */ = {
			isa = PBXContainerItemProxy;
			containerPortal = 2309509328A64A9000F6FF3C /* ISFSandbox.xcodeproj */;
			proxyType = 2;
			remoteGlobalIDString = 1A365D102090B98000771520;
			remoteInfo = VVISF_GLFW;
		};
		230950CA28A64A9000F6FF3C /* PBXContainerItemProxy */ = {
			isa = PBXContainerItemProxy;
			containerPortal = 2309509328A64A9000F6FF3C /* ISFSandbox.xcodeproj */;
			proxyType = 2;
			remoteGlobalIDString = 1A23114D1E2D63C700B0EF84;
			remoteInfo = ISFinGLFW;
		};
		230950CC28A64A9000F6FF3C /* PBXContainerItemProxy */ = {
			isa = PBXContainerItemProxy;
			containerPortal = 2309509328A64A9000F6FF3C /* ISFSandbox.xcodeproj */;
			proxyType = 2;
			remoteGlobalIDString = 1ABBEF53231EF8CB00EE1DB5;
			remoteInfo = ISFQL;
		};
		230950CE28A64A9000F6FF3C /* PBXContainerItemProxy */ = {
			isa = PBXContainerItemProxy;
			containerPortal = 2309509328A64A9000F6FF3C /* ISFSandbox.xcodeproj */;
			proxyType = 2;
			remoteGlobalIDString = 1ABBEF63231EF8D700EE1DB5;
			remoteInfo = ISFQL_Renderer;
		};
		230950D028A64B8100F6FF3C /* PBXContainerItemProxy */ = {
			isa = PBXContainerItemProxy;
			containerPortal = 2309509328A64A9000F6FF3C /* ISFSandbox.xcodeproj */;
			proxyType = 1;
			remoteGlobalIDString = 1A10DDFA2090AD4A00771795;
			remoteInfo = VVGL_Mac;
		};
/* End PBXContainerItemProxy section */

/* Begin PBXCopyFilesBuildPhase section */
		230950D328A64BD100F6FF3C /* CopyFiles */ = {
			isa = PBXCopyFilesBuildPhase;
			buildActionMask = 2147483647;
			dstPath = "";
			dstSubfolderSpec = 16;
			files = (
				230950D528A64BE800F6FF3C /* VVGL.framework in CopyFiles */,
			);
			runOnlyForDeploymentPostprocessing = 0;
		};
/* End PBXCopyFilesBuildPhase section */

/* Begin PBXFileReference section */
		2309509328A64A9000F6FF3C /* ISFSandbox.xcodeproj */ = {isa = PBXFileReference; lastKnownFileType = "wrapper.pb-project"; name = ISFSandbox.xcodeproj; path = "../VVISF-GL/examples/apple/ISFSandbox.xcodeproj"; sourceTree = "<group>"; };
		233B1F1A28A46D35000652AC /* OpenGL.framework */ = {isa = PBXFileReference; lastKnownFileType = wrapper.framework; name = OpenGL.framework; path = System/Library/Frameworks/OpenGL.framework; sourceTree = SDKROOT; };
		233B1F1C28A46D55000652AC /* libglfw.3.3.dylib */ = {isa = PBXFileReference; lastKnownFileType = "compiled.mach-o.dylib"; name = libglfw.3.3.dylib; path = /usr/local/Cellar/glfw/3.3.8/lib/libglfw.3.3.dylib; sourceTree = "<absolute>"; };
		233B1F1F28A476D2000652AC /* Debug.h */ = {isa = PBXFileReference; fileEncoding = 4; lastKnownFileType = sourcecode.c.h; path = Debug.h; sourceTree = "<group>"; };
		233B1F2028A476D2000652AC /* AEUtil.h */ = {isa = PBXFileReference; fileEncoding = 4; lastKnownFileType = sourcecode.c.h; path = AEUtil.h; sourceTree = "<group>"; };
		233B1F2128A476D2000652AC /* AEOGLInterop.hpp */ = {isa = PBXFileReference; fileEncoding = 4; lastKnownFileType = sourcecode.cpp.h; path = AEOGLInterop.hpp; sourceTree = "<group>"; };
		233B1F2328A476D2000652AC /* GlobalContext.cpp */ = {isa = PBXFileReference; fileEncoding = 4; lastKnownFileType = sourcecode.cpp.cpp; path = GlobalContext.cpp; sourceTree = "<group>"; };
		233B1F2428A476D2000652AC /* Common.cpp */ = {isa = PBXFileReference; fileEncoding = 4; lastKnownFileType = sourcecode.cpp.cpp; path = Common.cpp; sourceTree = "<group>"; };
		233B1F2528A476D2000652AC /* Fbo.cpp */ = {isa = PBXFileReference; fileEncoding = 4; lastKnownFileType = sourcecode.cpp.cpp; path = Fbo.cpp; sourceTree = "<group>"; };
		233B1F2628A476D2000652AC /* Program.h */ = {isa = PBXFileReference; fileEncoding = 4; lastKnownFileType = sourcecode.c.h; path = Program.h; sourceTree = "<group>"; };
		233B1F2728A476D2000652AC /* QuadVao.cpp */ = {isa = PBXFileReference; fileEncoding = 4; lastKnownFileType = sourcecode.cpp.cpp; path = QuadVao.cpp; sourceTree = "<group>"; };
		233B1F2828A476D2000652AC /* GlobalContext.h */ = {isa = PBXFileReference; fileEncoding = 4; lastKnownFileType = sourcecode.c.h; path = GlobalContext.h; sourceTree = "<group>"; };
		233B1F2928A476D2000652AC /* Texture.cpp */ = {isa = PBXFileReference; fileEncoding = 4; lastKnownFileType = sourcecode.cpp.cpp; path = Texture.cpp; sourceTree = "<group>"; };
		233B1F2A28A476D2000652AC /* Fbo.h */ = {isa = PBXFileReference; fileEncoding = 4; lastKnownFileType = sourcecode.c.h; path = Fbo.h; sourceTree = "<group>"; };
		233B1F2B28A476D2000652AC /* QuadVao.h */ = {isa = PBXFileReference; fileEncoding = 4; lastKnownFileType = sourcecode.c.h; path = QuadVao.h; sourceTree = "<group>"; };
		233B1F2C28A476D2000652AC /* Common.h */ = {isa = PBXFileReference; fileEncoding = 4; lastKnownFileType = sourcecode.c.h; path = Common.h; sourceTree = "<group>"; };
		233B1F2D28A476D2000652AC /* Texture.h */ = {isa = PBXFileReference; fileEncoding = 4; lastKnownFileType = sourcecode.c.h; path = Texture.h; sourceTree = "<group>"; };
		233B1F3628A476D2000652AC /* OGL.h */ = {isa = PBXFileReference; fileEncoding = 4; lastKnownFileType = sourcecode.c.h; path = OGL.h; sourceTree = "<group>"; };
		2382660028A48EDF001F523D /* shaders */ = {isa = PBXFileReference; lastKnownFileType = folder; name = shaders; path = ../shaders; sourceTree = "<group>"; };
		2382660228A49081001F523D /* Cocoa.framework */ = {isa = PBXFileReference; lastKnownFileType = wrapper.framework; name = Cocoa.framework; path = System/Library/Frameworks/Cocoa.framework; sourceTree = SDKROOT; };
		2382660428A490ED001F523D /* Smart_Utils.cpp */ = {isa = PBXFileReference; fileEncoding = 4; lastKnownFileType = sourcecode.cpp.cpp; name = Smart_Utils.cpp; path = ../../../Util/Smart_Utils.cpp; sourceTree = "<group>"; };
		2382660628A490F5001F523D /* AEFX_SuiteHelper.c */ = {isa = PBXFileReference; fileEncoding = 4; lastKnownFileType = sourcecode.c.c; name = AEFX_SuiteHelper.c; path = ../../../Util/AEFX_SuiteHelper.c; sourceTree = "<group>"; };
		2382660828A49101001F523D /* MissingSuiteError.cpp */ = {isa = PBXFileReference; fileEncoding = 4; lastKnownFileType = sourcecode.cpp.cpp; name = MissingSuiteError.cpp; path = ../../../Util/MissingSuiteError.cpp; sourceTree = "<group>"; };
		2382660A28A4A1D8001F523D /* Shader.h */ = {isa = PBXFileReference; lastKnownFileType = sourcecode.c.h; path = Shader.h; sourceTree = "<group>"; };
		2382660B28A4AE17001F523D /* GLSLCanvasArbHandler.cpp */ = {isa = PBXFileReference; lastKnownFileType = sourcecode.cpp.cpp; name = GLSLCanvasArbHandler.cpp; path = ../GLSLCanvasArbHandler.cpp; sourceTree = "<group>"; };
		2382660D28A4CED0001F523D /* AEUtil.cpp */ = {isa = PBXFileReference; lastKnownFileType = sourcecode.cpp.cpp; path = AEUtil.cpp; sourceTree = "<group>"; };
		23A0241F28A3F3E900E021FB /* Config.h */ = {isa = PBXFileReference; lastKnownFileType = sourcecode.c.h; name = Config.h; path = ../Config.h; sourceTree = "<group>"; };
		7EF36FB816F29807002A3CB3 /* GLSLCanvas.h */ = {isa = PBXFileReference; fileEncoding = 4; lastKnownFileType = sourcecode.c.h; name = GLSLCanvas.h; path = ../GLSLCanvas.h; sourceTree = "<group>"; };
		924FC63E1F0E132C0075C62A /* SystemUtil.h */ = {isa = PBXFileReference; fileEncoding = 4; lastKnownFileType = sourcecode.c.h; path = SystemUtil.h; sourceTree = "<group>"; };
		924FC63F1F0E13A50075C62A /* SystemUtil.cpp */ = {isa = PBXFileReference; explicitFileType = sourcecode.cpp.objcpp.preprocessed; fileEncoding = 4; path = SystemUtil.cpp; sourceTree = "<group>"; };
		C4E618CC095A3CE80012CA3F /* GLSLCanvas4AE.plugin */ = {isa = PBXFileReference; explicitFileType = wrapper.cfbundle; includeInIndex = 0; path = GLSLCanvas4AE.plugin; sourceTree = BUILT_PRODUCTS_DIR; };
		D0FE575C0993C4E900139A60 /* GLSLCanvas.cpp */ = {isa = PBXFileReference; explicitFileType = sourcecode.cpp.objcpp; fileEncoding = 4; name = GLSLCanvas.cpp; path = ../GLSLCanvas.cpp; sourceTree = SOURCE_ROOT; };
		D0FE575E0993C4E900139A60 /* GLSLCanvasPiPL.r */ = {isa = PBXFileReference; fileEncoding = 30; lastKnownFileType = sourcecode.rez; name = GLSLCanvasPiPL.r; path = ../GLSLCanvasPiPL.r; sourceTree = SOURCE_ROOT; };
		D0FE579A0993C5E500139A60 /* AEGP_SuiteHandler.cpp */ = {isa = PBXFileReference; fileEncoding = 30; lastKnownFileType = sourcecode.cpp.cpp; name = AEGP_SuiteHandler.cpp; path = ../../../Util/AEGP_SuiteHandler.cpp; sourceTree = SOURCE_ROOT; };
		D0FE579B0993C5E500139A60 /* AEGP_SuiteHandler.h */ = {isa = PBXFileReference; fileEncoding = 30; lastKnownFileType = sourcecode.c.h; name = AEGP_SuiteHandler.h; path = ../../../Util/AEGP_SuiteHandler.h; sourceTree = SOURCE_ROOT; };
		D0FE579C0993C5E500139A60 /* MissingSuiteError.cpp */ = {isa = PBXFileReference; fileEncoding = 30; lastKnownFileType = sourcecode.cpp.cpp; name = MissingSuiteError.cpp; path = ../../../Util/MissingSuiteError.cpp; sourceTree = SOURCE_ROOT; };
/* End PBXFileReference section */

/* Begin PBXFrameworksBuildPhase section */
		C4E618CA095A3CE80012CA3F /* Frameworks */ = {
			isa = PBXFrameworksBuildPhase;
			buildActionMask = 2147483647;
			files = (
				230950D228A64BC800F6FF3C /* VVGL.framework in Frameworks */,
				2382660328A49081001F523D /* Cocoa.framework in Frameworks */,
				233B1F1B28A46D35000652AC /* OpenGL.framework in Frameworks */,
			);
			runOnlyForDeploymentPostprocessing = 0;
		};
/* End PBXFrameworksBuildPhase section */

/* Begin PBXGroup section */
		2309509428A64A9000F6FF3C /* Products */ = {
			isa = PBXGroup;
			children = (
				230950AD28A64A9000F6FF3C /* VVGL.framework */,
				230950AF28A64A9000F6FF3C /* VVISF.framework */,
				230950B128A64A9000F6FF3C /* ISFonIOS.app */,
				230950B328A64A9000F6FF3C /* VVGL.framework */,
				230950B528A64A9000F6FF3C /* BasicGLFunc.app */,
				230950B728A64A9000F6FF3C /* DifferingGLVersions.app */,
				230950B928A64A9000F6FF3C /* GeoShaderTest.app */,
				230950BB28A64A9000F6FF3C /* TransFeedbackTest.app */,
				230950BD28A64A9000F6FF3C /* JustTransFeedback.app */,
				230950BF28A64A9000F6FF3C /* TexDownloadUpload.app */,
				230950C128A64A9000F6FF3C /* VVISF.framework */,
				230950C328A64A9000F6FF3C /* ISFFuncTest.app */,
				230950C528A64A9000F6FF3C /* ISF Editor.app */,
				230950C728A64A9000F6FF3C /* VVGL.framework */,
				230950C928A64A9000F6FF3C /* VVISF.framework */,
				230950CB28A64A9000F6FF3C /* ISFinGLFW.app */,
				230950CD28A64A9000F6FF3C /* ISFQL.qlgenerator */,
				230950CF28A64A9000F6FF3C /* com.vidvox.ISFQL-Renderer.app */,
			);
			name = Products;
			sourceTree = "<group>";
		};
		233B1F1E28A476D2000652AC /* Headers */ = {
			isa = PBXGroup;
			children = (
				924FC63E1F0E132C0075C62A /* SystemUtil.h */,
				924FC63F1F0E13A50075C62A /* SystemUtil.cpp */,
				233B1F1F28A476D2000652AC /* Debug.h */,
				233B1F2028A476D2000652AC /* AEUtil.h */,
				2382660D28A4CED0001F523D /* AEUtil.cpp */,
				233B1F2128A476D2000652AC /* AEOGLInterop.hpp */,
				233B1F2228A476D2000652AC /* OGL */,
				233B1F3628A476D2000652AC /* OGL.h */,
			);
			name = Headers;
			path = ../Headers;
			sourceTree = "<group>";
		};
		233B1F2228A476D2000652AC /* OGL */ = {
			isa = PBXGroup;
			children = (
				233B1F2C28A476D2000652AC /* Common.h */,
				233B1F2428A476D2000652AC /* Common.cpp */,
				233B1F2A28A476D2000652AC /* Fbo.h */,
				233B1F2528A476D2000652AC /* Fbo.cpp */,
				233B1F2B28A476D2000652AC /* QuadVao.h */,
				233B1F2728A476D2000652AC /* QuadVao.cpp */,
				233B1F2828A476D2000652AC /* GlobalContext.h */,
				233B1F2328A476D2000652AC /* GlobalContext.cpp */,
				233B1F2628A476D2000652AC /* Program.h */,
				233B1F2D28A476D2000652AC /* Texture.h */,
				233B1F2928A476D2000652AC /* Texture.cpp */,
				2382660A28A4A1D8001F523D /* Shader.h */,
			);
			path = OGL;
			sourceTree = "<group>";
		};
		92099B601F0CFBA30080F057 /* Frameworks */ = {
			isa = PBXGroup;
			children = (
				2382660228A49081001F523D /* Cocoa.framework */,
				233B1F1C28A46D55000652AC /* libglfw.3.3.dylib */,
				233B1F1A28A46D35000652AC /* OpenGL.framework */,
			);
			name = Frameworks;
			sourceTree = "<group>";
		};
		C4E6187C095A3C800012CA3F = {
			isa = PBXGroup;
			children = (
				2309509328A64A9000F6FF3C /* ISFSandbox.xcodeproj */,
				2382660028A48EDF001F523D /* shaders */,
				233B1F1E28A476D2000652AC /* Headers */,
				23A0241F28A3F3E900E021FB /* Config.h */,
				D0FE575C0993C4E900139A60 /* GLSLCanvas.cpp */,
				7EF36FB816F29807002A3CB3 /* GLSLCanvas.h */,
				2382660B28A4AE17001F523D /* GLSLCanvasArbHandler.cpp */,
				D0FE575E0993C4E900139A60 /* GLSLCanvasPiPL.r */,
				D0FE57630993C4FD00139A60 /* Supporting Code */,
				C4E6188C095A3C800012CA3F /* Products */,
				92099B601F0CFBA30080F057 /* Frameworks */,
			);
			sourceTree = "<group>";
		};
		C4E6188C095A3C800012CA3F /* Products */ = {
			isa = PBXGroup;
			children = (
				C4E618CC095A3CE80012CA3F /* GLSLCanvas4AE.plugin */,
			);
			name = Products;
			sourceTree = "<group>";
		};
		D0FE57630993C4FD00139A60 /* Supporting Code */ = {
			isa = PBXGroup;
			children = (
				2382660828A49101001F523D /* MissingSuiteError.cpp */,
				2382660628A490F5001F523D /* AEFX_SuiteHelper.c */,
				2382660428A490ED001F523D /* Smart_Utils.cpp */,
				D0FE579A0993C5E500139A60 /* AEGP_SuiteHandler.cpp */,
				D0FE579B0993C5E500139A60 /* AEGP_SuiteHandler.h */,
				D0FE579C0993C5E500139A60 /* MissingSuiteError.cpp */,
			);
			name = "Supporting Code";
			sourceTree = "<group>";
		};
/* End PBXGroup section */

/* Begin PBXNativeTarget section */
		C4E618CB095A3CE80012CA3F /* GLSLCanvas4AE */ = {
			isa = PBXNativeTarget;
			buildConfigurationList = C4E618CE095A3CE90012CA3F /* Build configuration list for PBXNativeTarget "GLSLCanvas4AE" */;
			buildPhases = (
				C4E618C8095A3CE80012CA3F /* Resources */,
				C4E618C9095A3CE80012CA3F /* Sources */,
				C4E618CA095A3CE80012CA3F /* Frameworks */,
				C4E618EA095A3E040012CA3F /* Rez */,
				230950D328A64BD100F6FF3C /* CopyFiles */,
				237BF26628A3A13000343DF7 /* ShellScript */,
			);
			buildRules = (
			);
			dependencies = (
				230950D128A64B8100F6FF3C /* PBXTargetDependency */,
			);
			name = GLSLCanvas4AE;
			productName = Skeleton.plugin;
			productReference = C4E618CC095A3CE80012CA3F /* GLSLCanvas4AE.plugin */;
			productType = "com.apple.product-type.bundle";
		};
/* End PBXNativeTarget section */

/* Begin PBXProject section */
		C4E6187E095A3C800012CA3F /* Project object */ = {
			isa = PBXProject;
			attributes = {
				LastUpgradeCheck = 1340;
			};
			buildConfigurationList = C4E6187F095A3C800012CA3F /* Build configuration list for PBXProject "GLSLCanvas4AE" */;
			compatibilityVersion = "Xcode 3.2";
			developmentRegion = en;
			hasScannedForEncodings = 0;
			knownRegions = (
				en,
				Base,
			);
			mainGroup = C4E6187C095A3C800012CA3F;
			productRefGroup = C4E6188C095A3C800012CA3F /* Products */;
			projectDirPath = "";
			projectReferences = (
				{
					ProductGroup = 2309509428A64A9000F6FF3C /* Products */;
					ProjectRef = 2309509328A64A9000F6FF3C /* ISFSandbox.xcodeproj */;
				},
			);
			projectRoot = "";
			targets = (
				C4E618CB095A3CE80012CA3F /* GLSLCanvas4AE */,
			);
		};
/* End PBXProject section */

/* Begin PBXReferenceProxy section */
		230950AD28A64A9000F6FF3C /* VVGL.framework */ = {
			isa = PBXReferenceProxy;
			fileType = wrapper.framework;
			path = VVGL.framework;
			remoteRef = 230950AC28A64A9000F6FF3C /* PBXContainerItemProxy */;
			sourceTree = BUILT_PRODUCTS_DIR;
		};
		230950AF28A64A9000F6FF3C /* VVISF.framework */ = {
			isa = PBXReferenceProxy;
			fileType = wrapper.framework;
			path = VVISF.framework;
			remoteRef = 230950AE28A64A9000F6FF3C /* PBXContainerItemProxy */;
			sourceTree = BUILT_PRODUCTS_DIR;
		};
		230950B128A64A9000F6FF3C /* ISFonIOS.app */ = {
			isa = PBXReferenceProxy;
			fileType = wrapper.application;
			path = ISFonIOS.app;
			remoteRef = 230950B028A64A9000F6FF3C /* PBXContainerItemProxy */;
			sourceTree = BUILT_PRODUCTS_DIR;
		};
		230950B328A64A9000F6FF3C /* VVGL.framework */ = {
			isa = PBXReferenceProxy;
			fileType = wrapper.framework;
			path = VVGL.framework;
			remoteRef = 230950B228A64A9000F6FF3C /* PBXContainerItemProxy */;
			sourceTree = BUILT_PRODUCTS_DIR;
		};
		230950B528A64A9000F6FF3C /* BasicGLFunc.app */ = {
			isa = PBXReferenceProxy;
			fileType = wrapper.application;
			path = BasicGLFunc.app;
			remoteRef = 230950B428A64A9000F6FF3C /* PBXContainerItemProxy */;
			sourceTree = BUILT_PRODUCTS_DIR;
		};
		230950B728A64A9000F6FF3C /* DifferingGLVersions.app */ = {
			isa = PBXReferenceProxy;
			fileType = wrapper.application;
			path = DifferingGLVersions.app;
			remoteRef = 230950B628A64A9000F6FF3C /* PBXContainerItemProxy */;
			sourceTree = BUILT_PRODUCTS_DIR;
		};
		230950B928A64A9000F6FF3C /* GeoShaderTest.app */ = {
			isa = PBXReferenceProxy;
			fileType = wrapper.application;
			path = GeoShaderTest.app;
			remoteRef = 230950B828A64A9000F6FF3C /* PBXContainerItemProxy */;
			sourceTree = BUILT_PRODUCTS_DIR;
		};
		230950BB28A64A9000F6FF3C /* TransFeedbackTest.app */ = {
			isa = PBXReferenceProxy;
			fileType = wrapper.application;
			path = TransFeedbackTest.app;
			remoteRef = 230950BA28A64A9000F6FF3C /* PBXContainerItemProxy */;
			sourceTree = BUILT_PRODUCTS_DIR;
		};
		230950BD28A64A9000F6FF3C /* JustTransFeedback.app */ = {
			isa = PBXReferenceProxy;
			fileType = wrapper.application;
			path = JustTransFeedback.app;
			remoteRef = 230950BC28A64A9000F6FF3C /* PBXContainerItemProxy */;
			sourceTree = BUILT_PRODUCTS_DIR;
		};
		230950BF28A64A9000F6FF3C /* TexDownloadUpload.app */ = {
			isa = PBXReferenceProxy;
			fileType = wrapper.application;
			path = TexDownloadUpload.app;
			remoteRef = 230950BE28A64A9000F6FF3C /* PBXContainerItemProxy */;
			sourceTree = BUILT_PRODUCTS_DIR;
		};
		230950C128A64A9000F6FF3C /* VVISF.framework */ = {
			isa = PBXReferenceProxy;
			fileType = wrapper.framework;
			path = VVISF.framework;
			remoteRef = 230950C028A64A9000F6FF3C /* PBXContainerItemProxy */;
			sourceTree = BUILT_PRODUCTS_DIR;
		};
		230950C328A64A9000F6FF3C /* ISFFuncTest.app */ = {
			isa = PBXReferenceProxy;
			fileType = wrapper.application;
			path = ISFFuncTest.app;
			remoteRef = 230950C228A64A9000F6FF3C /* PBXContainerItemProxy */;
			sourceTree = BUILT_PRODUCTS_DIR;
		};
		230950C528A64A9000F6FF3C /* ISF Editor.app */ = {
			isa = PBXReferenceProxy;
			fileType = wrapper.application;
			path = "ISF Editor.app";
			remoteRef = 230950C428A64A9000F6FF3C /* PBXContainerItemProxy */;
			sourceTree = BUILT_PRODUCTS_DIR;
		};
		230950C728A64A9000F6FF3C /* VVGL.framework */ = {
			isa = PBXReferenceProxy;
			fileType = wrapper.framework;
			path = VVGL.framework;
			remoteRef = 230950C628A64A9000F6FF3C /* PBXContainerItemProxy */;
			sourceTree = BUILT_PRODUCTS_DIR;
		};
		230950C928A64A9000F6FF3C /* VVISF.framework */ = {
			isa = PBXReferenceProxy;
			fileType = wrapper.framework;
			path = VVISF.framework;
			remoteRef = 230950C828A64A9000F6FF3C /* PBXContainerItemProxy */;
			sourceTree = BUILT_PRODUCTS_DIR;
		};
		230950CB28A64A9000F6FF3C /* ISFinGLFW.app */ = {
			isa = PBXReferenceProxy;
			fileType = wrapper.application;
			path = ISFinGLFW.app;
			remoteRef = 230950CA28A64A9000F6FF3C /* PBXContainerItemProxy */;
			sourceTree = BUILT_PRODUCTS_DIR;
		};
		230950CD28A64A9000F6FF3C /* ISFQL.qlgenerator */ = {
			isa = PBXReferenceProxy;
			fileType = wrapper.cfbundle;
			path = ISFQL.qlgenerator;
			remoteRef = 230950CC28A64A9000F6FF3C /* PBXContainerItemProxy */;
			sourceTree = BUILT_PRODUCTS_DIR;
		};
		230950CF28A64A9000F6FF3C /* com.vidvox.ISFQL-Renderer.app */ = {
			isa = PBXReferenceProxy;
			fileType = wrapper.application;
			path = "com.vidvox.ISFQL-Renderer.app";
			remoteRef = 230950CE28A64A9000F6FF3C /* PBXContainerItemProxy */;
			sourceTree = BUILT_PRODUCTS_DIR;
		};
/* End PBXReferenceProxy section */

/* Begin PBXResourcesBuildPhase section */
		C4E618C8095A3CE80012CA3F /* Resources */ = {
			isa = PBXResourcesBuildPhase;
			buildActionMask = 2147483647;
			files = (
				2382660128A48EDF001F523D /* shaders in Resources */,
			);
			runOnlyForDeploymentPostprocessing = 0;
		};
/* End PBXResourcesBuildPhase section */

/* Begin PBXRezBuildPhase section */
		C4E618EA095A3E040012CA3F /* Rez */ = {
			isa = PBXRezBuildPhase;
			buildActionMask = 2147483647;
			files = (
				D0FE57610993C4E900139A60 /* GLSLCanvasPiPL.r in Rez */,
			);
			runOnlyForDeploymentPostprocessing = 0;
		};
/* End PBXRezBuildPhase section */

/* Begin PBXShellScriptBuildPhase section */
		237BF26628A3A13000343DF7 /* ShellScript */ = {
			isa = PBXShellScriptBuildPhase;
			buildActionMask = 2147483647;
			files = (
			);
			inputFileListPaths = (
			);
			inputPaths = (
			);
			outputFileListPaths = (
			);
			outputPaths = (
			);
			runOnlyForDeploymentPostprocessing = 0;
			shellPath = /bin/sh;
			shellScript = "$SRCROOT/install-plugin.sh\n";
		};
/* End PBXShellScriptBuildPhase section */

/* Begin PBXSourcesBuildPhase section */
		C4E618C9095A3CE80012CA3F /* Sources */ = {
			isa = PBXSourcesBuildPhase;
			buildActionMask = 2147483647;
			files = (
				D0FE57600993C4E900139A60 /* GLSLCanvas.cpp in Sources */,
				D0FE579D0993C5E500139A60 /* AEGP_SuiteHandler.cpp in Sources */,
				2382660C28A4AE17001F523D /* GLSLCanvasArbHandler.cpp in Sources */,
				924FC6401F0E13A60075C62A /* SystemUtil.cpp in Sources */,
				233B1F3B28A476D2000652AC /* Texture.cpp in Sources */,
				2382660728A490F5001F523D /* AEFX_SuiteHelper.c in Sources */,
				2382660928A49101001F523D /* MissingSuiteError.cpp in Sources */,
				2382660E28A4CED0001F523D /* AEUtil.cpp in Sources */,
				233B1F3728A476D2000652AC /* GlobalContext.cpp in Sources */,
				233B1F3928A476D2000652AC /* Fbo.cpp in Sources */,
				D0FE579E0993C5E500139A60 /* MissingSuiteError.cpp in Sources */,
				233B1F3A28A476D2000652AC /* QuadVao.cpp in Sources */,
				2382660528A490ED001F523D /* Smart_Utils.cpp in Sources */,
				233B1F3828A476D2000652AC /* Common.cpp in Sources */,
			);
			runOnlyForDeploymentPostprocessing = 0;
		};
/* End PBXSourcesBuildPhase section */

/* Begin PBXTargetDependency section */
		230950D128A64B8100F6FF3C /* PBXTargetDependency */ = {
			isa = PBXTargetDependency;
			name = VVGL_Mac;
			targetProxy = 230950D028A64B8100F6FF3C /* PBXContainerItemProxy */;
		};
/* End PBXTargetDependency section */

/* Begin XCBuildConfiguration section */
		C4E61880095A3C800012CA3F /* Debug */ = {
			isa = XCBuildConfiguration;
			buildSettings = {
				CLANG_CXX_LANGUAGE_STANDARD = "c++14";
				CLANG_ENABLE_OBJC_ARC = YES;
				CLANG_WARN_BLOCK_CAPTURE_AUTORELEASING = YES;
				CLANG_WARN_BOOL_CONVERSION = YES;
				CLANG_WARN_COMMA = YES;
				CLANG_WARN_CONSTANT_CONVERSION = YES;
				CLANG_WARN_DEPRECATED_OBJC_IMPLEMENTATIONS = YES;
				CLANG_WARN_EMPTY_BODY = YES;
				CLANG_WARN_ENUM_CONVERSION = YES;
				CLANG_WARN_INFINITE_RECURSION = YES;
				CLANG_WARN_INT_CONVERSION = YES;
				CLANG_WARN_NON_LITERAL_NULL_CONVERSION = YES;
				CLANG_WARN_OBJC_IMPLICIT_RETAIN_SELF = YES;
				CLANG_WARN_OBJC_LITERAL_CONVERSION = YES;
				CLANG_WARN_QUOTED_INCLUDE_IN_FRAMEWORK_HEADER = YES;
				CLANG_WARN_RANGE_LOOP_ANALYSIS = YES;
				CLANG_WARN_STRICT_PROTOTYPES = YES;
				CLANG_WARN_SUSPICIOUS_MOVE = YES;
				CLANG_WARN_UNREACHABLE_CODE = YES;
				CLANG_WARN__DUPLICATE_METHOD_MATCH = YES;
				COMBINE_HIDPI_IMAGES = YES;
				COPY_PHASE_STRIP = NO;
				DEBUG_INFORMATION_FORMAT = dwarf;
				ENABLE_STRICT_OBJC_MSGSEND = YES;
				ENABLE_TESTABILITY = YES;
				GCC_INPUT_FILETYPE = sourcecode.cpp.objcpp;
				GCC_MODEL_TUNING = G5;
				GCC_NO_COMMON_BLOCKS = YES;
				GCC_OPTIMIZATION_LEVEL = 0;
				GCC_PREFIX_HEADER = "$(SYSTEM_LIBRARY_DIR)/Frameworks/Cocoa.framework/Headers/Cocoa.h";
				GCC_PREPROCESSOR_DEFINITIONS = "DEBUG=1";
				GCC_REUSE_STRINGS = NO;
				GCC_SYMBOLS_PRIVATE_EXTERN = YES;
				GCC_THREADSAFE_STATICS = NO;
				GCC_WARN_64_TO_32_BIT_CONVERSION = YES;
				GCC_WARN_ABOUT_MISSING_PROTOTYPES = YES;
				GCC_WARN_ABOUT_RETURN_TYPE = YES;
				GCC_WARN_CHECK_SWITCH_STATEMENTS = YES;
				GCC_WARN_EFFECTIVE_CPLUSPLUS_VIOLATIONS = NO;
				GCC_WARN_MISSING_PARENTHESES = YES;
				GCC_WARN_SHADOW = NO;
				GCC_WARN_UNDECLARED_SELECTOR = YES;
				GCC_WARN_UNINITIALIZED_AUTOS = YES;
				GCC_WARN_UNKNOWN_PRAGMAS = YES;
				GCC_WARN_UNUSED_FUNCTION = YES;
				GCC_WARN_UNUSED_LABEL = YES;
				GCC_WARN_UNUSED_VARIABLE = YES;
				GENERATE_PKGINFO_FILE = YES;
				HEADER_SEARCH_PATHS = (
					../../../Headers,
					../../../Util,
					../../../Headers/SP,
					../../../Resources,
					/usr/local/Cellar/glm/0.9.9.8/include,
					"\"$(SRCROOT)/../Headers\"",
					"\"$(SRCROOT)/../Headers/glad/include\"",
				);
				INSTALL_PATH = "$(HOME)/Library/Bundles";
				LIBRARY_SEARCH_PATHS = (
					"$(inherited)",
					/usr/local/Cellar/glm/0.9.9.8/lib,
				);
				ONLY_ACTIVE_ARCH = YES;
				OTHER_CFLAGS = "-DVVGL_SDK_MAC";
				PLUGIN_DIR = "/Library/Application Support/Adobe/Common/Plug-ins/7.0/MediaCore/GLSLCanvas4AE";
				PRODUCT_BUNDLE_IDENTIFIER = com.baku89.GLSLCanvas4AE;
				REZ_PREPROCESSOR_DEFINITIONS = __MACH__;
				SDKROOT = macosx;
				STRIP_INSTALLED_PRODUCT = NO;
				WRAPPER_EXTENSION = plugin;
				ZERO_LINK = NO;
			};
			name = Debug;
		};
		C4E618CF095A3CE90012CA3F /* Debug */ = {
			isa = XCBuildConfiguration;
			buildSettings = {
				INFOPLIST_FILE = "GLSLCanvas4AE.plugin-Info.plist";
				INSTALL_PATH = "";
				PRODUCT_NAME = GLSLCanvas4AE;
				SDKROOT = macosx;
			};
			name = Debug;
		};
/* End XCBuildConfiguration section */

/* Begin XCConfigurationList section */
		C4E6187F095A3C800012CA3F /* Build configuration list for PBXProject "GLSLCanvas4AE" */ = {
			isa = XCConfigurationList;
			buildConfigurations = (
				C4E61880095A3C800012CA3F /* Debug */,
			);
			defaultConfigurationIsVisible = 1;
			defaultConfigurationName = Debug;
		};
		C4E618CE095A3CE90012CA3F /* Build configuration list for PBXNativeTarget "GLSLCanvas4AE" */ = {
			isa = XCConfigurationList;
			buildConfigurations = (
				C4E618CF095A3CE90012CA3F /* Debug */,
			);
			defaultConfigurationIsVisible = 0;
			defaultConfigurationName = Debug;
		};
/* End XCConfigurationList section */
	};
	rootObject = C4E6187E095A3C800012CA3F /* Project object */;
}
