<?xml version="1.0" encoding="UTF-8"?>
<Scheme LastUpgradeVersion="1340" version="1.3">
	<BuildAction parallelizeBuildables="YES" buildImplicitDependencies="YES">
		<BuildActionEntries>
			<BuildActionEntry buildForTesting="YES" buildForRunning="YES" buildForProfiling="YES" buildForArchiving="YES" buildForAnalyzing="YES">
				<BuildableReference BuildableIdentifier="primary" BlueprintIdentifier="C4E618CB095A3CE80012CA3F" BuildableName="GLSLCanvas4AE.plugin" BlueprintName="GLSLCanvas4AE" ReferencedContainer="container:GLSLCanvas4AE.xcodeproj">
				</BuildableReference>
			</BuildActionEntry>
		</BuildActionEntries>
	</BuildAction>
	<TestAction buildConfiguration="Debug" selectedDebuggerIdentifier="Xcode.DebuggerFoundation.Debugger.LLDB" selectedLauncherIdentifier="Xcode.DebuggerFoundation.Launcher.LLDB" shouldUseLaunchSchemeArgsEnv="YES">
		<Testables>
		</Testables>
	</TestAction>
	<LaunchAction buildConfiguration="Debug" selectedDebuggerIdentifier="Xcode.DebuggerFoundation.Debugger.LLDB" selectedLauncherIdentifier="Xcode.DebuggerFoundation.Launcher.LLDB" launchStyle="0" useCustomWorkingDirectory="NO" ignoresPersistentStateOnLaunch="NO" debugDocumentVersioning="YES" debugServiceExtension="internal" allowLocationSimulation="YES">
		<PathRunnable runnableDebuggingMode="0" FilePath="/Applications/Adobe After Effects 2022/Adobe After Effects 2022.app">
		</PathRunnable>
	</LaunchAction>
	<ProfileAction buildConfiguration="Debug" shouldUseLaunchSchemeArgsEnv="YES" savedToolIdentifier="" useCustomWorkingDirectory="NO" debugDocumentVersioning="YES">
		<MacroExpansion>
			<BuildableReference BuildableIdentifier="primary" BlueprintIdentifier="C4E618CB095A3CE80012CA3F" BuildableName="GLSLCanvas4AE.plugin" BlueprintName="GLSLCanvas4AE" ReferencedContainer="container:GLSLCanvas4AE.xcodeproj">
			</BuildableReference>
		</MacroExpansion>
	</ProfileAction>
	<AnalyzeAction buildConfiguration="Debug">
	</AnalyzeAction>
	<ArchiveAction buildConfiguration="Debug" revealArchiveInOrganizer="YES">
	</ArchiveAction>
</Scheme>
