<?xml version="1.0" encoding="utf-8"?>
<Project ToolsVersion="4.0" xmlns="http://schemas.microsoft.com/developer/msbuild/2003">
  <ItemGroup>
    <Filter Include="Resources">
      <UniqueIdentifier>{b69af876-1d29-49fa-9917-fd2efa165225}</UniqueIdentifier>
      <Extensions>ico;cur;bmp;dlg;rc2;rct;bin;cnt;rtf;gif;jpg;jpeg;jpe</Extensions>
    </Filter>
    <Filter Include="Headers">
      <UniqueIdentifier>{e1cf207c-552f-4fd4-96ed-76ccc9ebdf72}</UniqueIdentifier>
    </Filter>
    <Filter Include="Headers\AE">
      <UniqueIdentifier>{728b7ff5-0e0a-45d2-999a-696b548f9a28}</UniqueIdentifier>
    </Filter>
    <Filter Include="Supporting code">
      <UniqueIdentifier>{f2f05dcb-eed5-4aa5-b2d0-504449ce3cf4}</UniqueIdentifier>
    </Filter>
    <Filter Include="Shaders">
      <UniqueIdentifier>{4f89f042-6e3a-48e3-b9da-1f266da1dc8c}</UniqueIdentifier>
    </Filter>
  </ItemGroup>
  <ItemGroup>
    <ClInclude Include="..\ISF4AEScene.hpp">
      <Filter>Headers</Filter>
    </ClInclude>
    <ClInclude Include="..\Config.h">
      <Filter>Headers</Filter>
    </ClInclude>
    <ClInclude Include="..\ISF4AE.h">
      <Filter>Headers</Filter>
    </ClInclude>
    <ClInclude Include="..\..\..\Headers\A.h">
      <Filter>Headers\AE</Filter>
    </ClInclude>
    <ClInclude Include="..\..\..\Headers\AE_Effect.h">
      <Filter>Headers\AE</Filter>
    </ClInclude>
    <ClInclude Include="..\..\..\Headers\AE_EffectCB.h">
      <Filter>Headers\AE</Filter>
    </ClInclude>
    <ClInclude Include="..\..\..\Headers\AE_EffectCBSuites.h">
      <Filter>Headers\AE</Filter>
    </ClInclude>
    <ClInclude Include="..\..\..\Headers\AE_EffectSuites.h">
      <Filter>Headers\AE</Filter>
    </ClInclude>
    <ClInclude Include="..\..\..\Util\AE_EffectSuitesHelper.h">
      <Filter>Headers\AE</Filter>
    </ClInclude>
    <ClInclude Include="..\..\..\Headers\AE_EffectUI.h">
      <Filter>Headers\AE</Filter>
    </ClInclude>
    <ClInclude Include="..\..\..\Headers\AE_GeneralPlug.h">
      <Filter>Headers\AE</Filter>
    </ClInclude>
    <ClInclude Include="..\..\..\Headers\AE_GeneralPlugOld.h">
      <Filter>Headers\AE</Filter>
    </ClInclude>
    <ClInclude Include="..\..\..\Headers\AE_IO.h">
      <Filter>Headers\AE</Filter>
    </ClInclude>
    <ClInclude Include="..\..\..\Headers\AE_Macros.h">
      <Filter>Headers\AE</Filter>
    </ClInclude>
    <ClInclude Include="..\..\..\Util\AEFX_ChannelDepthTpl.h">
      <Filter>Headers\AE</Filter>
    </ClInclude>
    <ClInclude Include="..\..\..\Util\AEGP_SuiteHandler.h">
      <Filter>Headers\AE</Filter>
    </ClInclude>
    <ClInclude Include="..\..\..\Util\entry.h">
      <Filter>Headers\AE</Filter>
    </ClInclude>
    <ClInclude Include="..\..\..\Headers\FIEL_Public.h">
      <Filter>Headers\AE</Filter>
    </ClInclude>
    <ClInclude Include="..\..\..\Util\Param_Utils.h">
      <Filter>Headers\AE</Filter>
    </ClInclude>
    <ClInclude Include="..\..\..\Headers\PF_Masks.h">
      <Filter>Headers\AE</Filter>
    </ClInclude>
    <ClInclude Include="..\..\..\Util\String_Utils.h">
      <Filter>Headers\AE</Filter>
    </ClInclude>
    <ClInclude Include="..\..\..\Headers\AE_PluginData.h">
      <Filter>Headers\AE</Filter>
    </ClInclude>
    <ClInclude Include="..\Headers\AEUtil.h">
      <Filter>Headers</Filter>
    </ClInclude>
    <ClInclude Include="..\Headers\Debug.h">
      <Filter>Headers</Filter>
    </ClInclude>
    <ClInclude Include="..\Headers\MiscUtil.h">
      <Filter>Headers</Filter>
    </ClInclude>
    <ClInclude Include="..\Headers\WeakMap.hpp">
      <Filter>Headers</Filter>
    </ClInclude>
    <ClInclude Include="..\Headers\SystemUtil.h">
      <Filter>Headers</Filter>
    </ClInclude>
    <ClInclude Include="resource.h">
      <Filter>Resources</Filter>
    </ClInclude>
  </ItemGroup>
  <ItemGroup>
    <ClCompile Include="..\..\..\Util\AEGP_SuiteHandler.cpp">
      <Filter>Supporting code</Filter>
    </ClCompile>
    <ClCompile Include="..\..\..\Util\MissingSuiteError.cpp">
      <Filter>Supporting code</Filter>
    </ClCompile>
    <ClCompile Include="..\ISF4AE_EventHandler.cpp" />
    <ClCompile Include="..\ISF4AE_CommandSelector.cpp" />
    <ClCompile Include="..\..\..\Util\AEFX_SuiteHelper.c">
      <Filter>Supporting code</Filter>
    </ClCompile>
    <ClCompile Include="..\..\..\Util\Smart_Utils.cpp">
      <Filter>Supporting code</Filter>
    </ClCompile>
    <ClCompile Include="..\Headers\AEUtil.cpp">
      <Filter>Headers</Filter>
    </ClCompile>
    <ClCompile Include="..\Headers\MiscUtil.cpp">
      <Filter>Headers</Filter>
    </ClCompile>
    <ClCompile Include="..\ISF4AE_UtilFunc.cpp" />
    <ClCompile Include="..\ISF4AE_ArbHandler.cpp" />
    <ClCompile Include="..\Headers\SystemUtil.cpp">
      <Filter>Headers</Filter>
    </ClCompile>
  </ItemGroup>
  <ItemGroup>
    <ResourceCompile Include="ISF4AEPiPL.rc">
      <Filter>Resources</Filter>
    </ResourceCompile>
  </ItemGroup>
  <ItemGroup>
    <ResourceCompile Include="ShaderResources.rc">
      <Filter>Resources</Filter>
    </ResourceCompile>
    <CustomBuild Include="..\ISF4AEPiPL.r">
      <Filter>Resources</Filter>
    </CustomBuild>
  </ItemGroup>
  <ItemGroup>
    <None Include="..\shaders\ae2gl.fs">
      <Filter>Shaders</Filter>
    </None>
    <None Include="..\shaders\gl2ae.fs">
      <Filter>Shaders</Filter>
    </None>
    <None Include="..\.clang-format" />
    <None Include="..\shaders\Default ISF4AE Shader.fs">
      <Filter>Shaders</Filter>
    </None>
  </ItemGroup>
</Project>